
Microsoft Visual Studio Solution File, Format Version 12.00
# Visual Studio Version 17
VisualStudioVersion = 17.11.35222.181
MinimumVisualStudioVersion = 10.0.40219.1
Project("{8BC9CEB8-8B4A-11D0-8D11-00A0C91BC942}") = "QR_CODE_WITH_RAYLIB", "QR_CODE_WITH_RAYLIB.vcxproj", "{41CE1E49-8253-4557-8E98-BF01D1638891}"
EndProject
Global
	GlobalSection(SolutionConfigurationPlatforms) = preSolution
		Debug|x64 = Debug|x64
		Debug|x86 = Debug|x86
		Release|x64 = Release|x64
		Release|x86 = Release|x86
	EndGlobalSection
	GlobalSection(ProjectConfigurationPlatforms) = postSolution
		{41CE1E49-8253-4557-8E98-BF01D1638891}.Debug|x64.ActiveCfg = Debug|x64
		{41CE1E49-8253-4557-8E98-BF01D1638891}.Debug|x64.Build.0 = Debug|x64
		{41CE1E49-8253-4557-8E98-BF01D1638891}.Debug|x86.ActiveCfg = Debug|Win32
		{41CE1E49-8253-4557-8E98-BF01D1638891}.Debug|x86.Build.0 = Debug|Win32
		{41CE1E49-8253-4557-8E98-BF01D1638891}.Release|x64.ActiveCfg = Release|x64
		{41CE1E49-8253-4557-8E98-BF01D1638891}.Release|x64.Build.0 = Release|x64
		{41CE1E49-8253-4557-8E98-BF01D1638891}.Release|x86.ActiveCfg = Release|Win32
		{41CE1E49-8253-4557-8E98-BF01D1638891}.Release|x86.Build.0 = Release|Win32
	EndGlobalSection
	GlobalSection(SolutionProperties) = preSolution
		HideSolutionNode = FALSE
	EndGlobalSection
	GlobalSection(ExtensibilityGlobals) = postSolution
		SolutionGuid = {21FCBC11-0FCD-43F2-A5E0-3D20F2054B5C}
	EndGlobalSection
EndGlobal
